// !$*UTF8*$!
{
	archiveVersion = 1;
	classes = {
	};
	objectVersion = 55;
	objects = {

/* Begin PBXBuildFile section */
		81654CFA28241D220024FEC0 /* AppListApp.swift in Sources */ = {isa = PBXBuildFile; fileRef = 81654CF928241D220024FEC0 /* AppListApp.swift */; };
		81654CFC28241D220024FEC0 /* ContentView.swift in Sources */ = {isa = PBXBuildFile; fileRef = 81654CFB28241D220024FEC0 /* ContentView.swift */; };
		81654CFE28241D290024FEC0 /* Assets.xcassets in Resources */ = {isa = PBXBuildFile; fileRef = 81654CFD28241D290024FEC0 /* Assets.xcassets */; };
		81654D0128241D290024FEC0 /* Preview Assets.xcassets in Resources */ = {isa = PBXBuildFile; fileRef = 81654D0028241D290024FEC0 /* Preview Assets.xcassets */; };
		81654D0328241D290024FEC0 /* Persistence.swift in Sources */ = {isa = PBXBuildFile; fileRef = 81654D0228241D290024FEC0 /* Persistence.swift */; };
		81654D0628241D290024FEC0 /* AppList.xcdatamodeld in Sources */ = {isa = PBXBuildFile; fileRef = 81654D0428241D290024FEC0 /* AppList.xcdatamodeld */; };
		81654D1028241D290024FEC0 /* AppListTests.swift in Sources */ = {isa = PBXBuildFile; fileRef = 81654D0F28241D290024FEC0 /* AppListTests.swift */; };
		81654D1A28241D2A0024FEC0 /* AppListUITests.swift in Sources */ = {isa = PBXBuildFile; fileRef = 81654D1928241D2A0024FEC0 /* AppListUITests.swift */; };
		81654D1C28241D2A0024FEC0 /* AppListUITestsLaunchTests.swift in Sources */ = {isa = PBXBuildFile; fileRef = 81654D1B28241D2A0024FEC0 /* AppListUITestsLaunchTests.swift */; };
/* End PBXBuildFile section */

/* Begin PBXContainerItemProxy section */
		81654D0C28241D290024FEC0 /* PBXContainerItemProxy */ = {
			isa = PBXContainerItemProxy;
			containerPortal = 81654CEE28241D220024FEC0 /* Project object */;
			proxyType = 1;
			remoteGlobalIDString = 81654CF528241D220024FEC0;
			remoteInfo = AppList;
		};
		81654D1628241D2A0024FEC0 /* PBXContainerItemProxy */ = {
			isa = PBXContainerItemProxy;
			containerPortal = 81654CEE28241D220024FEC0 /* Project object */;
			proxyType = 1;
			remoteGlobalIDString = 81654CF528241D220024FEC0;
			remoteInfo = AppList;
		};
/* End PBXContainerItemProxy section */

/* Begin PBXFileReference section */
		81654CF628241D220024FEC0 /* AppList.app */ = {isa = PBXFileReference; explicitFileType = wrapper.application; includeInIndex = 0; path = AppList.app; sourceTree = BUILT_PRODUCTS_DIR; };
		81654CF928241D220024FEC0 /* AppListApp.swift */ = {isa = PBXFileReference; lastKnownFileType = sourcecode.swift; path = AppListApp.swift; sourceTree = "<group>"; };
		81654CFB28241D220024FEC0 /* ContentView.swift */ = {isa = PBXFileReference; lastKnownFileType = sourcecode.swift; path = ContentView.swift; sourceTree = "<group>"; };
		81654CFD28241D290024FEC0 /* Assets.xcassets */ = {isa = PBXFileReference; lastKnownFileType = folder.assetcatalog; path = Assets.xcassets; sourceTree = "<group>"; };
		81654D0028241D290024FEC0 /* Preview Assets.xcassets */ = {isa = PBXFileReference; lastKnownFileType = folder.assetcatalog; path = "Preview Assets.xcassets"; sourceTree = "<group>"; };
		81654D0228241D290024FEC0 /* Persistence.swift */ = {isa = PBXFileReference; lastKnownFileType = sourcecode.swift; path = Persistence.swift; sourceTree = "<group>"; };
		81654D0528241D290024FEC0 /* AppList.xcdatamodel */ = {isa = PBXFileReference; lastKnownFileType = wrapper.xcdatamodel; path = AppList.xcdatamodel; sourceTree = "<group>"; };
		81654D0B28241D290024FEC0 /* AppListTests.xctest */ = {isa = PBXFileReference; explicitFileType = wrapper.cfbundle; includeInIndex = 0; path = AppListTests.xctest; sourceTree = BUILT_PRODUCTS_DIR; };
		81654D0F28241D290024FEC0 /* AppListTests.swift */ = {isa = PBXFileReference; lastKnownFileType = sourcecode.swift; path = AppListTests.swift; sourceTree = "<group>"; };
		81654D1528241D2A0024FEC0 /* AppListUITests.xctest */ = {isa = PBXFileReference; explicitFileType = wrapper.cfbundle; includeInIndex = 0; path = AppListUITests.xctest; sourceTree = BUILT_PRODUCTS_DIR; };
		81654D1928241D2A0024FEC0 /* AppListUITests.swift */ = {isa = PBXFileReference; lastKnownFileType = sourcecode.swift; path = AppListUITests.swift; sourceTree = "<group>"; };
		81654D1B28241D2A0024FEC0 /* AppListUITestsLaunchTests.swift */ = {isa = PBXFileReference; lastKnownFileType = sourcecode.swift; path = AppListUITestsLaunchTests.swift; sourceTree = "<group>"; };
/* End PBXFileReference section */

/* Begin PBXFrameworksBuildPhase section */
		81654CF328241D220024FEC0 /* Frameworks */ = {
			isa = PBXFrameworksBuildPhase;
			buildActionMask = 2147483647;
			files = (
			);
			runOnlyForDeploymentPostprocessing = 0;
		};
		81654D0828241D290024FEC0 /* Frameworks */ = {
			isa = PBXFrameworksBuildPhase;
			buildActionMask = 2147483647;
			files = (
			);
			runOnlyForDeploymentPostprocessing = 0;
		};
		81654D1228241D2A0024FEC0 /* Frameworks */ = {
			isa = PBXFrameworksBuildPhase;
			buildActionMask = 2147483647;
			files = (
			);
			runOnlyForDeploymentPostprocessing = 0;
		};
/* End PBXFrameworksBuildPhase section */

/* Begin PBXGroup section */
		81654CED28241D220024FEC0 = {
			isa = PBXGroup;
			children = (
				81654CF828241D220024FEC0 /* AppList */,
				81654D0E28241D290024FEC0 /* AppListTests */,
				81654D1828241D2A0024FEC0 /* AppListUITests */,
				81654CF728241D220024FEC0 /* Products */,
			);
			sourceTree = "<group>";
		};
		81654CF728241D220024FEC0 /* Products */ = {
			isa = PBXGroup;
			children = (
				81654CF628241D220024FEC0 /* AppList.app */,
				81654D0B28241D290024FEC0 /* AppListTests.xctest */,
				81654D1528241D2A0024FEC0 /* AppListUITests.xctest */,
			);
			name = Products;
			sourceTree = "<group>";
		};
		81654CF828241D220024FEC0 /* AppList */ = {
			isa = PBXGroup;
			children = (
				81654CF928241D220024FEC0 /* AppListApp.swift */,
				81654CFB28241D220024FEC0 /* ContentView.swift */,
				81654CFD28241D290024FEC0 /* Assets.xcassets */,
				81654D0228241D290024FEC0 /* Persistence.swift */,
				81654D0428241D290024FEC0 /* AppList.xcdatamodeld */,
				81654CFF28241D290024FEC0 /* Preview Content */,
			);
			path = AppList;
			sourceTree = "<group>";
		};
		81654CFF28241D290024FEC0 /* Preview Content */ = {
			isa = PBXGroup;
			children = (
				81654D0028241D290024FEC0 /* Preview Assets.xcassets */,
			);
			path = "Preview Content";
			sourceTree = "<group>";
		};
		81654D0E28241D290024FEC0 /* AppListTests */ = {
			isa = PBXGroup;
			children = (
				81654D0F28241D290024FEC0 /* AppListTests.swift */,
			);
			path = AppListTests;
			sourceTree = "<group>";
		};
		81654D1828241D2A0024FEC0 /* AppListUITests */ = {
			isa = PBXGroup;
			children = (
				81654D1928241D2A0024FEC0 /* AppListUITests.swift */,
				81654D1B28241D2A0024FEC0 /* AppListUITestsLaunchTests.swift */,
			);
			path = AppListUITests;
			sourceTree = "<group>";
		};
/* End PBXGroup section */

/* Begin PBXNativeTarget section */
		81654CF528241D220024FEC0 /* AppList */ = {
			isa = PBXNativeTarget;
			buildConfigurationList = 81654D1F28241D2A0024FEC0 /* Build configuration list for PBXNativeTarget "AppList" */;
			buildPhases = (
				81654CF228241D220024FEC0 /* Sources */,
				81654CF328241D220024FEC0 /* Frameworks */,
				81654CF428241D220024FEC0 /* Resources */,
			);
			buildRules = (
			);
			dependencies = (
			);
			name = AppList;
			productName = AppList;
			productReference = 81654CF628241D220024FEC0 /* AppList.app */;
			productType = "com.apple.product-type.application";
		};
		81654D0A28241D290024FEC0 /* AppListTests */ = {
			isa = PBXNativeTarget;
			buildConfigurationList = 81654D2228241D2A0024FEC0 /* Build configuration list for PBXNativeTarget "AppListTests" */;
			buildPhases = (
				81654D0728241D290024FEC0 /* Sources */,
				81654D0828241D290024FEC0 /* Frameworks */,
				81654D0928241D290024FEC0 /* Resources */,
			);
			buildRules = (
			);
			dependencies = (
				81654D0D28241D290024FEC0 /* PBXTargetDependency */,
			);
			name = AppListTests;
			productName = AppListTests;
			productReference = 81654D0B28241D290024FEC0 /* AppListTests.xctest */;
			productType = "com.apple.product-type.bundle.unit-test";
		};
		81654D1428241D2A0024FEC0 /* AppListUITests */ = {
			isa = PBXNativeTarget;
			buildConfigurationList = 81654D2528241D2A0024FEC0 /* Build configuration list for PBXNativeTarget "AppListUITests" */;
			buildPhases = (
				81654D1128241D2A0024FEC0 /* Sources */,
				81654D1228241D2A0024FEC0 /* Frameworks */,
				81654D1328241D2A0024FEC0 /* Resources */,
			);
			buildRules = (
			);
			dependencies = (
				81654D1728241D2A0024FEC0 /* PBXTargetDependency */,
			);
			name = AppListUITests;
			productName = AppListUITests;
			productReference = 81654D1528241D2A0024FEC0 /* AppListUITests.xctest */;
			productType = "com.apple.product-type.bundle.ui-testing";
		};
/* End PBXNativeTarget section */

/* Begin PBXProject section */
		81654CEE28241D220024FEC0 /* Project object */ = {
			isa = PBXProject;
			attributes = {
				BuildIndependentTargetsInParallel = 1;
				LastSwiftUpdateCheck = 1330;
				LastUpgradeCheck = 1330;
				TargetAttributes = {
					81654CF528241D220024FEC0 = {
						CreatedOnToolsVersion = 13.3;
					};
					81654D0A28241D290024FEC0 = {
						CreatedOnToolsVersion = 13.3;
						TestTargetID = 81654CF528241D220024FEC0;
					};
					81654D1428241D2A0024FEC0 = {
						CreatedOnToolsVersion = 13.3;
						TestTargetID = 81654CF528241D220024FEC0;
					};
				};
			};
			buildConfigurationList = 81654CF128241D220024FEC0 /* Build configuration list for PBXProject "AppList" */;
			compatibilityVersion = "Xcode 13.0";
			developmentRegion = en;
			hasScannedForEncodings = 0;
			knownRegions = (
				en,
				Base,
			);
			mainGroup = 81654CED28241D220024FEC0;
			productRefGroup = 81654CF728241D220024FEC0 /* Products */;
			projectDirPath = "";
			projectRoot = "";
			targets = (
				81654CF528241D220024FEC0 /* AppList */,
				81654D0A28241D290024FEC0 /* AppListTests */,
				81654D1428241D2A0024FEC0 /* AppListUITests */,
			);
		};
/* End PBXProject section */

/* Begin PBXResourcesBuildPhase section */
		81654CF428241D220024FEC0 /* Resources */ = {
			isa = PBXResourcesBuildPhase;
			buildActionMask = 2147483647;
			files = (
				81654D0128241D290024FEC0 /* Preview Assets.xcassets in Resources */,
				81654CFE28241D290024FEC0 /* Assets.xcassets in Resources */,
			);
			runOnlyForDeploymentPostprocessing = 0;
		};
		81654D0928241D290024FEC0 /* Resources */ = {
			isa = PBXResourcesBuildPhase;
			buildActionMask = 2147483647;
			files = (
			);
			runOnlyForDeploymentPostprocessing = 0;
		};
		81654D1328241D2A0024FEC0 /* Resources */ = {
			isa = PBXResourcesBuildPhase;
			buildActionMask = 2147483647;
			files = (
			);
			runOnlyForDeploymentPostprocessing = 0;
		};
/* End PBXResourcesBuildPhase section */

/* Begin PBXSourcesBuildPhase section */
		81654CF228241D220024FEC0 /* Sources */ = {
			isa = PBXSourcesBuildPhase;
			buildActionMask = 2147483647;
			files = (
				81654D0328241D290024FEC0 /* Persistence.swift in Sources */,
				81654D0628241D290024FEC0 /* AppList.xcdatamodeld in Sources */,
				81654CFC28241D220024FEC0 /* ContentView.swift in Sources */,
				81654CFA28241D220024FEC0 /* AppListApp.swift in Sources */,
			);
			runOnlyForDeploymentPostprocessing = 0;
		};
		81654D0728241D290024FEC0 /* Sources */ = {
			isa = PBXSourcesBuildPhase;
			buildActionMask = 2147483647;
			files = (
				81654D1028241D290024FEC0 /* AppListTests.swift in Sources */,
			);
			runOnlyForDeploymentPostprocessing = 0;
		};
		81654D1128241D2A0024FEC0 /* Sources */ = {
			isa = PBXSourcesBuildPhase;
			buildActionMask = 2147483647;
			files = (
				81654D1C28241D2A0024FEC0 /* AppListUITestsLaunchTests.swift in Sources */,
				81654D1A28241D2A0024FEC0 /* AppListUITests.swift in Sources */,
			);
			runOnlyForDeploymentPostprocessing = 0;
		};
/* End PBXSourcesBuildPhase section */

/* Begin PBXTargetDependency section */
		81654D0D28241D290024FEC0 /* PBXTargetDependency */ = {
			isa = PBXTargetDependency;
			target = 81654CF528241D220024FEC0 /* AppList */;
			targetProxy = 81654D0C28241D290024FEC0 /* PBXContainerItemProxy */;
		};
		81654D1728241D2A0024FEC0 /* PBXTargetDependency */ = {
			isa = PBXTargetDependency;
			target = 81654CF528241D220024FEC0 /* AppList */;
			targetProxy = 81654D1628241D2A0024FEC0 /* PBXContainerItemProxy */;
		};
/* End PBXTargetDependency section */

/* Begin XCBuildConfiguration section */
		81654D1D28241D2A0024FEC0 /* Debug */ = {
			isa = XCBuildConfiguration;
			buildSettings = {
				ALWAYS_SEARCH_USER_PATHS = NO;
				CLANG_ANALYZER_NONNULL = YES;
				CLANG_ANALYZER_NUMBER_OBJECT_CONVERSION = YES_AGGRESSIVE;
				CLANG_CXX_LANGUAGE_STANDARD = "gnu++17";
				CLANG_ENABLE_MODULES = YES;
				CLANG_ENABLE_OBJC_ARC = YES;
				CLANG_ENABLE_OBJC_WEAK = YES;
				CLANG_WARN_BLOCK_CAPTURE_AUTORELEASING = YES;
				CLANG_WARN_BOOL_CONVERSION = YES;
				CLANG_WARN_COMMA = YES;
				CLANG_WARN_CONSTANT_CONVERSION = YES;
				CLANG_WARN_DEPRECATED_OBJC_IMPLEMENTATIONS = YES;
				CLANG_WARN_DIRECT_OBJC_ISA_USAGE = YES_ERROR;
				CLANG_WARN_DOCUMENTATION_COMMENTS = YES;
				CLANG_WARN_EMPTY_BODY = YES;
				CLANG_WARN_ENUM_CONVERSION = YES;
				CLANG_WARN_INFINITE_RECURSION = YES;
				CLANG_WARN_INT_CONVERSION = YES;
				CLANG_WARN_NON_LITERAL_NULL_CONVERSION = YES;
				CLANG_WARN_OBJC_IMPLICIT_RETAIN_SELF = YES;
				CLANG_WARN_OBJC_LITERAL_CONVERSION = YES;
				CLANG_WARN_OBJC_ROOT_CLASS = YES_ERROR;
				CLANG_WARN_QUOTED_INCLUDE_IN_FRAMEWORK_HEADER = YES;
				CLANG_WARN_RANGE_LOOP_ANALYSIS = YES;
				CLANG_WARN_STRICT_PROTOTYPES = YES;
				CLANG_WARN_SUSPICIOUS_MOVE = YES;
				CLANG_WARN_UNGUARDED_AVAILABILITY = YES_AGGRESSIVE;
				CLANG_WARN_UNREACHABLE_CODE = YES;
				CLANG_WARN__DUPLICATE_METHOD_MATCH = YES;
				COPY_PHASE_STRIP = NO;
				DEBUG_INFORMATION_FORMAT = dwarf;
				ENABLE_STRICT_OBJC_MSGSEND = YES;
				ENABLE_TESTABILITY = YES;
				GCC_C_LANGUAGE_STANDARD = gnu11;
				GCC_DYNAMIC_NO_PIC = NO;
				GCC_NO_COMMON_BLOCKS = YES;
				GCC_OPTIMIZATION_LEVEL = 0;
				GCC_PREPROCESSOR_DEFINITIONS = (
					"DEBUG=1",
					"$(inherited)",
				);
				GCC_WARN_64_TO_32_BIT_CONVERSION = YES;
				GCC_WARN_ABOUT_RETURN_TYPE = YES_ERROR;
				GCC_WARN_UNDECLARED_SELECTOR = YES;
				GCC_WARN_UNINITIALIZED_AUTOS = YES_AGGRESSIVE;
				GCC_WARN_UNUSED_FUNCTION = YES;
				GCC_WARN_UNUSED_VARIABLE = YES;
				IPHONEOS_DEPLOYMENT_TARGET = 15.4;
				MTL_ENABLE_DEBUG_INFO = INCLUDE_SOURCE;
				MTL_FAST_MATH = YES;
				ONLY_ACTIVE_ARCH = YES;
				SDKROOT = iphoneos;
				SWIFT_ACTIVE_COMPILATION_CONDITIONS = DEBUG;
				SWIFT_OPTIMIZATION_LEVEL = "-Onone";
			};
			name = Debug;
		};
		81654D1E28241D2A0024FEC0 /* Release */ = {
			isa = XCBuildConfiguration;
			buildSettings = {
				ALWAYS_SEARCH_USER_PATHS = NO;
				CLANG_ANALYZER_NONNULL = YES;
				CLANG_ANALYZER_NUMBER_OBJECT_CONVERSION = YES_AGGRESSIVE;
				CLANG_CXX_LANGUAGE_STANDARD = "gnu++17";
				CLANG_ENABLE_MODULES = YES;
				CLANG_ENABLE_OBJC_ARC = YES;
				CLANG_ENABLE_OBJC_WEAK = YES;
				CLANG_WARN_BLOCK_CAPTURE_AUTORELEASING = YES;
				CLANG_WARN_BOOL_CONVERSION = YES;
				CLANG_WARN_COMMA = YES;
				CLANG_WARN_CONSTANT_CONVERSION = YES;
				CLANG_WARN_DEPRECATED_OBJC_IMPLEMENTATIONS = YES;
				CLANG_WARN_DIRECT_OBJC_ISA_USAGE = YES_ERROR;
				CLANG_WARN_DOCUMENTATION_COMMENTS = YES;
				CLANG_WARN_EMPTY_BODY = YES;
				CLANG_WARN_ENUM_CONVERSION = YES;
				CLANG_WARN_INFINITE_RECURSION = YES;
				CLANG_WARN_INT_CONVERSION = YES;
				CLANG_WARN_NON_LITERAL_NULL_CONVERSION = YES;
				CLANG_WARN_OBJC_IMPLICIT_RETAIN_SELF = YES;
				CLANG_WARN_OBJC_LITERAL_CONVERSION = YES;
				CLANG_WARN_OBJC_ROOT_CLASS = YES_ERROR;
				CLANG_WARN_QUOTED_INCLUDE_IN_FRAMEWORK_HEADER = YES;
				CLANG_WARN_RANGE_LOOP_ANALYSIS = YES;
				CLANG_WARN_STRICT_PROTOTYPES = YES;
				CLANG_WARN_SUSPICIOUS_MOVE = YES;
				CLANG_WARN_UNGUARDED_AVAILABILITY = YES_AGGRESSIVE;
				CLANG_WARN_UNREACHABLE_CODE = YES;
				CLANG_WARN__DUPLICATE_METHOD_MATCH = YES;
				COPY_PHASE_STRIP = NO;
				DEBUG_INFORMATION_FORMAT = "dwarf-with-dsym";
				ENABLE_NS_ASSERTIONS = NO;
				ENABLE_STRICT_OBJC_MSGSEND = YES;
				GCC_C_LANGUAGE_STANDARD = gnu11;
				GCC_NO_COMMON_BLOCKS = YES;
				GCC_WARN_64_TO_32_BIT_CONVERSION = YES;
				GCC_WARN_ABOUT_RETURN_TYPE = YES_ERROR;
				GCC_WARN_UNDECLARED_SELECTOR = YES;
				GCC_WARN_UNINITIALIZED_AUTOS = YES_AGGRESSIVE;
				GCC_WARN_UNUSED_FUNCTION = YES;
				GCC_WARN_UNUSED_VARIABLE = YES;
				IPHONEOS_DEPLOYMENT_TARGET = 15.4;
				MTL_ENABLE_DEBUG_INFO = NO;
				MTL_FAST_MATH = YES;
				SDKROOT = iphoneos;
				SWIFT_COMPILATION_MODE = wholemodule;
				SWIFT_OPTIMIZATION_LEVEL = "-O";
				VALIDATE_PRODUCT = YES;
			};
			name = Release;
		};
		81654D2028241D2A0024FEC0 /* Debug */ = {
			isa = XCBuildConfiguration;
			buildSettings = {
				ASSETCATALOG_COMPILER_APPICON_NAME = AppIcon;
				ASSETCATALOG_COMPILER_GLOBAL_ACCENT_COLOR_NAME = AccentColor;
				CODE_SIGN_STYLE = Automatic;
				CURRENT_PROJECT_VERSION = 1;
				DEVELOPMENT_ASSET_PATHS = "\"AppList/Preview Content\"";
				ENABLE_PREVIEWS = YES;
				GENERATE_INFOPLIST_FILE = YES;
				INFOPLIST_KEY_UIApplicationSceneManifest_Generation = YES;
				INFOPLIST_KEY_UIApplicationSupportsIndirectInputEvents = YES;
				INFOPLIST_KEY_UILaunchScreen_Generation = YES;
				INFOPLIST_KEY_UISupportedInterfaceOrientations_iPad = "UIInterfaceOrientationPortrait UIInterfaceOrientationPortraitUpsideDown UIInterfaceOrientationLandscapeLeft UIInterfaceOrientationLandscapeRight";
				INFOPLIST_KEY_UISupportedInterfaceOrientations_iPhone = "UIInterfaceOrientationPortrait UIInterfaceOrientationLandscapeLeft UIInterfaceOrientationLandscapeRight";
				LD_RUNPATH_SEARCH_PATHS = (
					"$(inherited)",
					"@executable_path/Frameworks",
				);
				MARKETING_VERSION = 1.0;
				PRODUCT_BUNDLE_IDENTIFIER = com.zxc.AppList;
				PRODUCT_NAME = "$(TARGET_NAME)";
				SWIFT_EMIT_LOC_STRINGS = YES;
				SWIFT_VERSION = 5.0;
				TARGETED_DEVICE_FAMILY = "1,2";
			};
			name = Debug;
		};
		81654D2128241D2A0024FEC0 /* Release */ = {
			isa = XCBuildConfiguration;
			buildSettings = {
				ASSETCATALOG_COMPILER_APPICON_NAME = AppIcon;
				ASSETCATALOG_COMPILER_GLOBAL_ACCENT_COLOR_NAME = AccentColor;
				CODE_SIGN_STYLE = Automatic;
				CURRENT_PROJECT_VERSION = 1;
				DEVELOPMENT_ASSET_PATHS = "\"AppList/Preview Content\"";
				ENABLE_PREVIEWS = YES;
				GENERATE_INFOPLIST_FILE = YES;
				INFOPLIST_KEY_UIApplicationSceneManifest_Generation = YES;
				INFOPLIST_KEY_UIApplicationSupportsIndirectInputEvents = YES;
				INFOPLIST_KEY_UILaunchScreen_Generation = YES;
				INFOPLIST_KEY_UISupportedInterfaceOrientations_iPad = "UIInterfaceOrientationPortrait UIInterfaceOrientationPortraitUpsideDown UIInterfaceOrientationLandscapeLeft UIInterfaceOrientationLandscapeRight";
				INFOPLIST_KEY_UISupportedInterfaceOrientations_iPhone = "UIInterfaceOrientationPortrait UIInterfaceOrientationLandscapeLeft UIInterfaceOrientationLandscapeRight";
				LD_RUNPATH_SEARCH_PATHS = (
					"$(inherited)",
					"@executable_path/Frameworks",
				);
				MARKETING_VERSION = 1.0;
				PRODUCT_BUNDLE_IDENTIFIER = com.zxc.AppList;
				PRODUCT_NAME = "$(TARGET_NAME)";
				SWIFT_EMIT_LOC_STRINGS = YES;
				SWIFT_VERSION = 5.0;
				TARGETED_DEVICE_FAMILY = "1,2";
			};
			name = Release;
		};
		81654D2328241D2A0024FEC0 /* Debug */ = {
			isa = XCBuildConfiguration;
			buildSettings = {
				ALWAYS_EMBED_SWIFT_STANDARD_LIBRARIES = YES;
				BUNDLE_LOADER = "$(TEST_HOST)";
				CODE_SIGN_STYLE = Automatic;
				CURRENT_PROJECT_VERSION = 1;
				GENERATE_INFOPLIST_FILE = YES;
				IPHONEOS_DEPLOYMENT_TARGET = 15.4;
				MARKETING_VERSION = 1.0;
				PRODUCT_BUNDLE_IDENTIFIER = com.zxc.AppListTests;
				PRODUCT_NAME = "$(TARGET_NAME)";
				SWIFT_EMIT_LOC_STRINGS = NO;
				SWIFT_VERSION = 5.0;
				TARGETED_DEVICE_FAMILY = "1,2";
				TEST_HOST = "$(BUILT_PRODUCTS_DIR)/AppList.app/AppList";
			};
			name = Debug;
		};
		81654D2428241D2A0024FEC0 /* Release */ = {
			isa = XCBuildConfiguration;
			buildSettings = {
				ALWAYS_EMBED_SWIFT_STANDARD_LIBRARIES = YES;
				BUNDLE_LOADER = "$(TEST_HOST)";
				CODE_SIGN_STYLE = Automatic;
				CURRENT_PROJECT_VERSION = 1;
				GENERATE_INFOPLIST_FILE = YES;
				IPHONEOS_DEPLOYMENT_TARGET = 15.4;
				MARKETING_VERSION = 1.0;
				PRODUCT_BUNDLE_IDENTIFIER = com.zxc.AppListTests;
				PRODUCT_NAME = "$(TARGET_NAME)";
				SWIFT_EMIT_LOC_STRINGS = NO;
				SWIFT_VERSION = 5.0;
				TARGETED_DEVICE_FAMILY = "1,2";
				TEST_HOST = "$(BUILT_PRODUCTS_DIR)/AppList.app/AppList";
			};
			name = Release;
		};
		81654D2628241D2A0024FEC0 /* Debug */ = {
			isa = XCBuildConfiguration;
			buildSettings = {
				ALWAYS_EMBED_SWIFT_STANDARD_LIBRARIES = YES;
				CODE_SIGN_STYLE = Automatic;
				CURRENT_PROJECT_VERSION = 1;
				GENERATE_INFOPLIST_FILE = YES;
				MARKETING_VERSION = 1.0;
				PRODUCT_BUNDLE_IDENTIFIER = com.zxc.AppListUITests;
				PRODUCT_NAME = "$(TARGET_NAME)";
				SWIFT_EMIT_LOC_STRINGS = NO;
				SWIFT_VERSION = 5.0;
				TARGETED_DEVICE_FAMILY = "1,2";
				TEST_TARGET_NAME = AppList;
			};
			name = Debug;
		};
		81654D2728241D2A0024FEC0 /* Release */ = {
			isa = XCBuildConfiguration;
			buildSettings = {
				ALWAYS_EMBED_SWIFT_STANDARD_LIBRARIES = YES;
				CODE_SIGN_STYLE = Automatic;
				CURRENT_PROJECT_VERSION = 1;
				GENERATE_INFOPLIST_FILE = YES;
				MARKETING_VERSION = 1.0;
				PRODUCT_BUNDLE_IDENTIFIER = com.zxc.AppListUITests;
				PRODUCT_NAME = "$(TARGET_NAME)";
				SWIFT_EMIT_LOC_STRINGS = NO;
				SWIFT_VERSION = 5.0;
				TARGETED_DEVICE_FAMILY = "1,2";
				TEST_TARGET_NAME = AppList;
			};
			name = Release;
		};
/* End XCBuildConfiguration section */

/* Begin XCConfigurationList section */
		81654CF128241D220024FEC0 /* Build configuration list for PBXProject "AppList" */ = {
			isa = XCConfigurationList;
			buildConfigurations = (
				81654D1D28241D2A0024FEC0 /* Debug */,
				81654D1E28241D2A0024FEC0 /* Release */,
			);
			defaultConfigurationIsVisible = 0;
			defaultConfigurationName = Release;
		};
		81654D1F28241D2A0024FEC0 /* Build configuration list for PBXNativeTarget "AppList" */ = {
			isa = XCConfigurationList;
			buildConfigurations = (
				81654D2028241D2A0024FEC0 /* Debug */,
				81654D2128241D2A0024FEC0 /* Release */,
			);
			defaultConfigurationIsVisible = 0;
			defaultConfigurationName = Release;
		};
		81654D2228241D2A0024FEC0 /* Build configuration list for PBXNativeTarget "AppListTests" */ = {
			isa = XCConfigurationList;
			buildConfigurations = (
				81654D2328241D2A0024FEC0 /* Debug */,
				81654D2428241D2A0024FEC0 /* Release */,
			);
			defaultConfigurationIsVisible = 0;
			defaultConfigurationName = Release;
		};
		81654D2528241D2A0024FEC0 /* Build configuration list for PBXNativeTarget "AppListUITests" */ = {
			isa = XCConfigurationList;
			buildConfigurations = (
				81654D2628241D2A0024FEC0 /* Debug */,
				81654D2728241D2A0024FEC0 /* Release */,
			);
			defaultConfigurationIsVisible = 0;
			defaultConfigurationName = Release;
		};
/* End XCConfigurationList section */

/* Begin XCVersionGroup section */
		81654D0428241D290024FEC0 /* AppList.xcdatamodeld */ = {
			isa = XCVersionGroup;
			children = (
				81654D0528241D290024FEC0 /* AppList.xcdatamodel */,
			);
			currentVersion = 81654D0528241D290024FEC0 /* AppList.xcdatamodel */;
			path = AppList.xcdatamodeld;
			sourceTree = "<group>";
			versionGroupType = wrapper.xcdatamodel;
		};
/* End XCVersionGroup section */
	};
	rootObject = 81654CEE28241D220024FEC0 /* Project object */;
}
